PODS:
  - CouchbaseLite-Enterprise (3.1.0)
  - shared (1.0):
    - CouchbaseLite-Enterprise (~> 3.1.0)

DEPENDENCIES:
  - shared (from `../shared`)

SPEC REPOS:
  trunk:
    - CouchbaseLite-Enterprise

EXTERNAL SOURCES:
  shared:
    :path: "../shared"

SPEC CHECKSUMS:
  CouchbaseLite-Enterprise: 22ad3e73d3ff94b9646ba3abccaa382ccd3d9282
  shared: ccc8258de15410d85bd676ca85a520278a6e7739

PODFILE CHECKSUM: 67fc84dbb6d56ec30ffe800c92fbe26bcb92d71e

COCOAPODS: 1.12.0
